
Microsoft Visual Studio Solution File, Format Version 12.00
# Visual Studio Version 17
VisualStudioVersion = 17.8.34511.84
MinimumVisualStudioVersion = 10.0.40219.1
Project("{FAE04EC0-301F-11D3-BF4B-00C04F79EFBC}") = "BethanysPieShop", "BethanysPieShop\BethanysPieShop.csproj", "{04C297FA-EAD4-469D-8824-22FC22A9783F}"
EndProject
Global
	GlobalSection(SolutionConfigurationPlatforms) = preSolution
		Debug|Any CPU = Debug|Any CPU
		Release|Any CPU = Release|Any CPU
	EndGlobalSection
	GlobalSection(ProjectConfigurationPlatforms) = postSolution
		{04C297FA-EAD4-469D-8824-22FC22A9783F}.Debug|Any CPU.ActiveCfg = Debug|Any CPU
		{04C297FA-EAD4-469D-8824-22FC22A9783F}.Debug|Any CPU.Build.0 = Debug|Any CPU
		{04C297FA-EAD4-469D-8824-22FC22A9783F}.Release|Any CPU.ActiveCfg = Release|Any CPU
		{04C297FA-EAD4-469D-8824-22FC22A9783F}.Release|Any CPU.Build.0 = Release|Any CPU
	EndGlobalSection
	GlobalSection(SolutionProperties) = preSolution
		HideSolutionNode = FALSE
	EndGlobalSection
	GlobalSection(ExtensibilityGlobals) = postSolution
		SolutionGuid = {3C16FC54-2D48-47B7-97AC-10F75BB830CB}
	EndGlobalSection
EndGlobal
